
Microsoft Visual Studio Solution File, Format Version 11.00
# Visual Studio 2010
Project("{8BC9CEB8-8B4A-11D0-8D11-00A0C91BC942}") = "Character_Recognition", "Character_Recognition\Character_Recognition.vcxproj", "{4C0D9A21-5793-4ED2-8341-A12765039690}"
EndProject
Global
	GlobalSection(SolutionConfigurationPlatforms) = preSolution
		Debug|Win32 = Debug|Win32
		Release|Win32 = Release|Win32
	EndGlobalSection
	GlobalSection(ProjectConfigurationPlatforms) = postSolution
		{4C0D9A21-5793-4ED2-8341-A12765039690}.Debug|Win32.ActiveCfg = Debug|Win32
		{4C0D9A21-5793-4ED2-8341-A12765039690}.Debug|Win32.Build.0 = Debug|Win32
		{4C0D9A21-5793-4ED2-8341-A12765039690}.Release|Win32.ActiveCfg = Release|Win32
		{4C0D9A21-5793-4ED2-8341-A12765039690}.Release|Win32.Build.0 = Release|Win32
	EndGlobalSection
	GlobalSection(SolutionProperties) = preSolution
		HideSolutionNode = FALSE
	EndGlobalSection
EndGlobal
